// !$*UTF8*$!
{
	archiveVersion = 1;
	classes = {
	};
	objectVersion = 56;
	objects = {

/* Begin PBXBuildFile section */
		100000000000000000000100 /* main.swift in Sources */ = {isa = PBXBuildFile; fileRef = 100000000000000000000000 /* main.swift */; };
		100000000000000000000101 /* AppDelegate.swift in Sources */ = {isa = PBXBuildFile; fileRef = 100000000000000000000001 /* AppDelegate.swift */; };
		100000000000000000000102 /* ViewerWindowController.swift in Sources */ = {isa = PBXBuildFile; fileRef = 100000000000000000000002 /* ViewerWindowController.swift */; };
		100000000000000000000103 /* GitLocalService.swift in Sources */ = {isa = PBXBuildFile; fileRef = 100000000000000000000003 /* GitLocalService.swift */; };
		100000000000000000000104 /* AppErrorPresenter.swift in Sources */ = {isa = PBXBuildFile; fileRef = 100000000000000000000004 /* AppErrorPresenter.swift */; };
		100000000000000000000105 /* BundlePaths.swift in Sources */ = {isa = PBXBuildFile; fileRef = 100000000000000000000005 /* BundlePaths.swift */; };
/* End PBXBuildFile section */

/* Begin PBXFileReference section */
		100000000000000000000000 /* main.swift */ = {isa = PBXFileReference; lastKnownFileType = sourcecode.swift; path = main.swift; sourceTree = "<group>"; };
		100000000000000000000001 /* AppDelegate.swift */ = {isa = PBXFileReference; lastKnownFileType = sourcecode.swift; path = AppDelegate.swift; sourceTree = "<group>"; };
		100000000000000000000002 /* ViewerWindowController.swift */ = {isa = PBXFileReference; lastKnownFileType = sourcecode.swift; path = ViewerWindowController.swift; sourceTree = "<group>"; };
		100000000000000000000003 /* GitLocalService.swift */ = {isa = PBXFileReference; lastKnownFileType = sourcecode.swift; path = GitLocalService.swift; sourceTree = "<group>"; };
		100000000000000000000004 /* AppErrorPresenter.swift */ = {isa = PBXFileReference; lastKnownFileType = sourcecode.swift; path = AppErrorPresenter.swift; sourceTree = "<group>"; };
		100000000000000000000005 /* BundlePaths.swift */ = {isa = PBXFileReference; lastKnownFileType = sourcecode.swift; path = BundlePaths.swift; sourceTree = "<group>"; };
		100000000000000000000006 /* Info.plist */ = {isa = PBXFileReference; lastKnownFileType = text.plist.xml; path = Info.plist; sourceTree = "<group>"; };
		100000000000000000000007 /* GitLocal.app */ = {isa = PBXFileReference; explicitFileType = wrapper.application; includeInIndex = 0; path = GitLocal.app; sourceTree = BUILT_PRODUCTS_DIR; };
/* End PBXFileReference section */

/* Begin PBXFrameworksBuildPhase section */
		100000000000000000000201 /* Frameworks */ = {
			isa = PBXFrameworksBuildPhase;
			buildActionMask = 2147483647;
			files = (
			);
			runOnlyForDeploymentPostprocessing = 0;
		};
/* End PBXFrameworksBuildPhase section */

/* Begin PBXGroup section */
		100000000000000000000301 = {
			isa = PBXGroup;
			children = (
				100000000000000000000302 /* GitLocal */,
				100000000000000000000303 /* Products */,
			);
			sourceTree = "<group>";
		};
		100000000000000000000302 /* GitLocal */ = {
			isa = PBXGroup;
			children = (
				100000000000000000000000 /* main.swift */,
				100000000000000000000001 /* AppDelegate.swift */,
				100000000000000000000002 /* ViewerWindowController.swift */,
				100000000000000000000003 /* GitLocalService.swift */,
				100000000000000000000004 /* AppErrorPresenter.swift */,
				100000000000000000000005 /* BundlePaths.swift */,
				100000000000000000000006 /* Info.plist */,
			);
			path = GitLocal;
			sourceTree = "<group>";
		};
		100000000000000000000303 /* Products */ = {
			isa = PBXGroup;
			children = (
				100000000000000000000007 /* GitLocal.app */,
			);
			name = Products;
			sourceTree = "<group>";
		};
/* End PBXGroup section */

/* Begin PBXNativeTarget section */
		100000000000000000000401 /* GitLocal */ = {
			isa = PBXNativeTarget;
			buildConfigurationList = 100000000000000000000701 /* Build configuration list for PBXNativeTarget "GitLocal" */;
			buildPhases = (
				100000000000000000000501 /* Sources */,
				100000000000000000000201 /* Frameworks */,
			);
			buildRules = (
			);
			dependencies = (
			);
			name = GitLocal;
			productName = GitLocal;
			productReference = 100000000000000000000007 /* GitLocal.app */;
			productType = "com.apple.product-type.application";
		};
/* End PBXNativeTarget section */

/* Begin PBXProject section */
		100000000000000000000601 /* Project object */ = {
			isa = PBXProject;
			attributes = {
				BuildIndependentTargetsInParallel = 1;
				LastSwiftUpdateCheck = 1500;
				LastUpgradeCheck = 1500;
				TargetAttributes = {
					100000000000000000000401 = {
						CreatedOnToolsVersion = 15.0;
					};
				};
			};
			buildConfigurationList = 100000000000000000000702 /* Build configuration list for PBXProject "GitLocal" */;
			compatibilityVersion = "Xcode 14.0";
			developmentRegion = en;
			hasScannedForEncodings = 0;
			knownRegions = (
				en,
				Base,
			);
			mainGroup = 100000000000000000000301;
			productRefGroup = 100000000000000000000303 /* Products */;
			projectDirPath = "";
			projectRoot = "";
			targets = (
				100000000000000000000401 /* GitLocal */,
			);
		};
/* End PBXProject section */

/* Begin PBXSourcesBuildPhase section */
		100000000000000000000501 /* Sources */ = {
			isa = PBXSourcesBuildPhase;
			buildActionMask = 2147483647;
			files = (
				100000000000000000000100 /* main.swift in Sources */,
				100000000000000000000101 /* AppDelegate.swift in Sources */,
				100000000000000000000102 /* ViewerWindowController.swift in Sources */,
				100000000000000000000103 /* GitLocalService.swift in Sources */,
				100000000000000000000104 /* AppErrorPresenter.swift in Sources */,
				100000000000000000000105 /* BundlePaths.swift in Sources */,
			);
			runOnlyForDeploymentPostprocessing = 0;
		};
/* End PBXSourcesBuildPhase section */

/* Begin XCBuildConfiguration section */
		100000000000000000000801 /* Debug */ = {
			isa = XCBuildConfiguration;
			buildSettings = {
				CODE_SIGN_IDENTITY = "-";
				CODE_SIGN_STYLE = Manual;
				COMBINE_HIDPI_IMAGES = YES;
				INFOPLIST_FILE = GitLocal/Info.plist;
				LD_RUNPATH_SEARCH_PATHS = "$(inherited) @executable_path/../Frameworks";
				MACOSX_DEPLOYMENT_TARGET = 13.0;
				PRODUCT_BUNDLE_IDENTIFIER = com.gitlocal.app;
				PRODUCT_NAME = GitLocal;
				SDKROOT = macosx;
				SWIFT_VERSION = 5.0;
			};
			name = Debug;
		};
		100000000000000000000802 /* Release */ = {
			isa = XCBuildConfiguration;
			buildSettings = {
				CODE_SIGN_IDENTITY = "-";
				CODE_SIGN_STYLE = Manual;
				COMBINE_HIDPI_IMAGES = YES;
				INFOPLIST_FILE = GitLocal/Info.plist;
				LD_RUNPATH_SEARCH_PATHS = "$(inherited) @executable_path/../Frameworks";
				MACOSX_DEPLOYMENT_TARGET = 13.0;
				PRODUCT_BUNDLE_IDENTIFIER = com.gitlocal.app;
				PRODUCT_NAME = GitLocal;
				SDKROOT = macosx;
				SWIFT_COMPILATION_MODE = wholemodule;
				SWIFT_VERSION = 5.0;
			};
			name = Release;
		};
		100000000000000000000803 /* Debug */ = {
			isa = XCBuildConfiguration;
			buildSettings = {
				ALWAYS_SEARCH_USER_PATHS = NO;
				CLANG_ENABLE_MODULES = YES;
				ENABLE_STRICT_OBJC_MSGSEND = YES;
				GCC_NO_COMMON_BLOCKS = YES;
				SDKROOT = macosx;
			};
			name = Debug;
		};
		100000000000000000000804 /* Release */ = {
			isa = XCBuildConfiguration;
			buildSettings = {
				ALWAYS_SEARCH_USER_PATHS = NO;
				CLANG_ENABLE_MODULES = YES;
				ENABLE_STRICT_OBJC_MSGSEND = YES;
				GCC_NO_COMMON_BLOCKS = YES;
				SDKROOT = macosx;
			};
			name = Release;
		};
/* End XCBuildConfiguration section */

/* Begin XCConfigurationList section */
		100000000000000000000701 /* Build configuration list for PBXNativeTarget "GitLocal" */ = {
			isa = XCConfigurationList;
			buildConfigurations = (
				100000000000000000000801 /* Debug */,
				100000000000000000000802 /* Release */,
			);
			defaultConfigurationIsVisible = 0;
			defaultConfigurationName = Release;
		};
		100000000000000000000702 /* Build configuration list for PBXProject "GitLocal" */ = {
			isa = XCConfigurationList;
			buildConfigurations = (
				100000000000000000000803 /* Debug */,
				100000000000000000000804 /* Release */,
			);
			defaultConfigurationIsVisible = 0;
			defaultConfigurationName = Release;
		};
/* End XCConfigurationList section */
	};
	rootObject = 100000000000000000000601 /* Project object */;
}
